
Microsoft Visual Studio Solution File, Format Version 12.00
# Visual Studio Version 17
VisualStudioVersion = 17.6.33815.320
MinimumVisualStudioVersion = 10.0.40219.1
Project("{8BC9CEB8-8B4A-11D0-8D11-00A0C91BC942}") = "BufferOverflow", "BufferOverflow\BufferOverflow.vcxproj", "{EFE9B066-7A51-4D4F-BC49-3C429FC0BD8F}"
EndProject
Global
	GlobalSection(SolutionConfigurationPlatforms) = preSolution
		Debug|x64 = Debug|x64
		Debug|x86 = Debug|x86
		Release|x64 = Release|x64
		Release|x86 = Release|x86
	EndGlobalSection
	GlobalSection(ProjectConfigurationPlatforms) = postSolution
		{EFE9B066-7A51-4D4F-BC49-3C429FC0BD8F}.Debug|x64.ActiveCfg = Debug|x64
		{EFE9B066-7A51-4D4F-BC49-3C429FC0BD8F}.Debug|x64.Build.0 = Debug|x64
		{EFE9B066-7A51-4D4F-BC49-3C429FC0BD8F}.Debug|x86.ActiveCfg = Debug|Win32
		{EFE9B066-7A51-4D4F-BC49-3C429FC0BD8F}.Debug|x86.Build.0 = Debug|Win32
		{EFE9B066-7A51-4D4F-BC49-3C429FC0BD8F}.Release|x64.ActiveCfg = Release|x64
		{EFE9B066-7A51-4D4F-BC49-3C429FC0BD8F}.Release|x64.Build.0 = Release|x64
		{EFE9B066-7A51-4D4F-BC49-3C429FC0BD8F}.Release|x86.ActiveCfg = Release|Win32
		{EFE9B066-7A51-4D4F-BC49-3C429FC0BD8F}.Release|x86.Build.0 = Release|Win32
	EndGlobalSection
	GlobalSection(SolutionProperties) = preSolution
		HideSolutionNode = FALSE
	EndGlobalSection
	GlobalSection(ExtensibilityGlobals) = postSolution
		SolutionGuid = {541248BE-FC8C-4A22-99B5-961B3383C856}
	EndGlobalSection
EndGlobal
